
Microsoft Visual Studio Solution File, Format Version 12.00
# Visual Studio Version 17
VisualStudioVersion = 17.8.34525.116
MinimumVisualStudioVersion = 10.0.40219.1
Project("{FAE04EC0-301F-11D3-BF4B-00C04F79EFBC}") = "GreenFlameBlade", "GreenFlameBlade\GreenFlameBlade.csproj", "{BCBEBF37-0EC5-417B-AF7C-960CF9B9BFA3}"
EndProject
Global
	GlobalSection(SolutionConfigurationPlatforms) = preSolution
		Debug|Any CPU = Debug|Any CPU
		Release|Any CPU = Release|Any CPU
	EndGlobalSection
	GlobalSection(ProjectConfigurationPlatforms) = postSolution
		{BCBEBF37-0EC5-417B-AF7C-960CF9B9BFA3}.Debug|Any CPU.ActiveCfg = Debug|Any CPU
		{BCBEBF37-0EC5-417B-AF7C-960CF9B9BFA3}.Debug|Any CPU.Build.0 = Debug|Any CPU
		{BCBEBF37-0EC5-417B-AF7C-960CF9B9BFA3}.Release|Any CPU.ActiveCfg = Release|Any CPU
		{BCBEBF37-0EC5-417B-AF7C-960CF9B9BFA3}.Release|Any CPU.Build.0 = Release|Any CPU
	EndGlobalSection
	GlobalSection(SolutionProperties) = preSolution
		HideSolutionNode = FALSE
	EndGlobalSection
	GlobalSection(ExtensibilityGlobals) = postSolution
		SolutionGuid = {FF4F5FD1-7ED5-4FF3-9D64-7F5DE866F69B}
	EndGlobalSection
EndGlobal
